
Microsoft Visual Studio Solution File, Format Version 12.00
# Visual Studio Version 17
VisualStudioVersion = 17.4.33213.308
MinimumVisualStudioVersion = 10.0.40219.1
Project("{FAE04EC0-301F-11D3-BF4B-00C04F79EFBC}") = "IdentityServer", "IdentityServer\IdentityServer.csproj", "{728E70C2-5DB4-4E51-855D-90D529F35E15}"
EndProject
Project("{FAE04EC0-301F-11D3-BF4B-00C04F79EFBC}") = "BFF", "BFF\BFF.csproj", "{321D472C-BB63-4651-9AA1-5045B0034040}"
EndProject
Global
	GlobalSection(SolutionConfigurationPlatforms) = preSolution
		Debug|Any CPU = Debug|Any CPU
		Release|Any CPU = Release|Any CPU
	EndGlobalSection
	GlobalSection(ProjectConfigurationPlatforms) = postSolution
		{728E70C2-5DB4-4E51-855D-90D529F35E15}.Debug|Any CPU.ActiveCfg = Debug|Any CPU
		{728E70C2-5DB4-4E51-855D-90D529F35E15}.Debug|Any CPU.Build.0 = Debug|Any CPU
		{728E70C2-5DB4-4E51-855D-90D529F35E15}.Release|Any CPU.ActiveCfg = Release|Any CPU
		{728E70C2-5DB4-4E51-855D-90D529F35E15}.Release|Any CPU.Build.0 = Release|Any CPU
		{321D472C-BB63-4651-9AA1-5045B0034040}.Debug|Any CPU.ActiveCfg = Debug|Any CPU
		{321D472C-BB63-4651-9AA1-5045B0034040}.Debug|Any CPU.Build.0 = Debug|Any CPU
		{321D472C-BB63-4651-9AA1-5045B0034040}.Release|Any CPU.ActiveCfg = Release|Any CPU
		{321D472C-BB63-4651-9AA1-5045B0034040}.Release|Any CPU.Build.0 = Release|Any CPU
	EndGlobalSection
	GlobalSection(SolutionProperties) = preSolution
		HideSolutionNode = FALSE
	EndGlobalSection
	GlobalSection(ExtensibilityGlobals) = postSolution
		SolutionGuid = {F6A0055B-29CA-40DD-8EBE-137145940EF3}
	EndGlobalSection
EndGlobal
