
Microsoft Visual Studio Solution File, Format Version 12.00
# Visual Studio Version 17
VisualStudioVersion = 17.6.33723.286
MinimumVisualStudioVersion = 10.0.40219.1
Project("{9A19103F-16F7-4668-BE54-9A1E7A4F7556}") = "IdentityServer", "src\Services\identity\IdentityServer\IdentityServer.csproj", "{5D183243-4B12-4C20-8E3B-D94F7B30017E}"
EndProject
Project("{2150E333-8FDC-42A3-9474-1A3956D46DE8}") = "services", "services", "{D56DFEF8-DF81-41F6-A983-C3900EBF21DE}"
EndProject
Project("{2150E333-8FDC-42A3-9474-1A3956D46DE8}") = "gateways", "gateways", "{7E2CCE60-4FE9-4D03-BA21-007B32C34196}"
EndProject
Project("{2150E333-8FDC-42A3-9474-1A3956D46DE8}") = "identity", "identity", "{1FCF9938-544D-4CBC-A662-46D8ECAB6E83}"
EndProject
Project("{2150E333-8FDC-42A3-9474-1A3956D46DE8}") = "catalog", "catalog", "{858A5C72-48BC-4D62-8E96-22AB50874AD4}"
EndProject
Project("{9A19103F-16F7-4668-BE54-9A1E7A4F7556}") = "Catalog.Api", "src\Services\catalog\src\Catalog.Api\Catalog.Api.csproj", "{5190D16C-3C98-4341-954C-538F61A734C5}"
EndProject
Project("{9A19103F-16F7-4668-BE54-9A1E7A4F7556}") = "Catalog.Application", "src\Services\catalog\src\Catalog.Application\Catalog.Application.csproj", "{450B63D3-F69E-40C4-8939-8D9B787A99C8}"
EndProject
Project("{9A19103F-16F7-4668-BE54-9A1E7A4F7556}") = "Catalog.Domain", "src\Services\catalog\src\Catalog.Domain\Catalog.Domain.csproj", "{8DF67DE3-2B5C-4C47-B79E-10C8247B9E3D}"
EndProject
Project("{9A19103F-16F7-4668-BE54-9A1E7A4F7556}") = "Catalog.Infrastructure", "src\Services\catalog\src\Catalog.Infrastructure\Catalog.Infrastructure.csproj", "{DFC86A68-78C5-4A07-B71A-8F72FECE04CE}"
EndProject
Project("{2150E333-8FDC-42A3-9474-1A3956D46DE8}") = "tests", "tests", "{EAD4F623-6167-4849-B14E-8D2E5F0D7CDA}"
EndProject
Project("{9A19103F-16F7-4668-BE54-9A1E7A4F7556}") = "Catalog.Api.Test", "src\Services\catalog\tests\Catalog.Api.Test\Catalog.Api.Test.csproj", "{8DAA4F41-E587-4CA8-AFBA-FC30395C350F}"
EndProject
Project("{9A19103F-16F7-4668-BE54-9A1E7A4F7556}") = "Catalog.Application.Test", "src\Services\catalog\tests\Catalog.Application.Test\Catalog.Application.Test.csproj", "{D88FE493-1255-4612-B9A9-4A20D57F0276}"
EndProject
Project("{2150E333-8FDC-42A3-9474-1A3956D46DE8}") = "tests", "tests", "{608CBD81-3EA5-4C18-8C12-2FDF9C47C16E}"
EndProject
Project("{9A19103F-16F7-4668-BE54-9A1E7A4F7556}") = "Identity.Api.Test", "src\Services\identity\tests\Identity.Api.Test\Identity.Api.Test.csproj", "{1E916350-0DE9-4EA9-B291-23C9E02DD3D4}"
EndProject
Project("{2150E333-8FDC-42A3-9474-1A3956D46DE8}") = "ordering", "ordering", "{76ED527A-3663-497B-8234-5C2983FFCE96}"
EndProject
Project("{9A19103F-16F7-4668-BE54-9A1E7A4F7556}") = "Ordering.Api", "src\Services\ordering\src\Ordering.Api\Ordering.Api.csproj", "{7D41F949-85F4-48EC-A83F-3C33189536FA}"
EndProject
Project("{9A19103F-16F7-4668-BE54-9A1E7A4F7556}") = "Ordering.Application", "src\Services\ordering\src\Ordering.Application\Ordering.Application.csproj", "{5A917D06-617C-44F4-B8DC-58371F20FF0C}"
EndProject
Project("{9A19103F-16F7-4668-BE54-9A1E7A4F7556}") = "Ordering.Domain", "src\Services\ordering\src\Ordering.Domain\Ordering.Domain.csproj", "{4EF6F98D-CB1E-49B8-8396-7C5BF6A5B248}"
EndProject
Project("{9A19103F-16F7-4668-BE54-9A1E7A4F7556}") = "Ordering.Infrastructure", "src\Services\ordering\src\Ordering.Infrastructure\Ordering.Infrastructure.csproj", "{0A9A7979-366E-4CE9-BFDF-9239C29A8B01}"
EndProject
Project("{9A19103F-16F7-4668-BE54-9A1E7A4F7556}") = "Web.Gateway", "src\Gateway\Web.Gateway\Web.Gateway\Web.Gateway.csproj", "{9CEA857E-B132-415F-AD7A-177CFDA85877}"
EndProject
Project("{E53339B2-1760-4266-BCC7-CA923CBCF16C}") = "docker-compose", "docker-compose.dcproj", "{F94718EB-685E-48C5-A861-E2C57015E02B}"
EndProject
Project("{2150E333-8FDC-42A3-9474-1A3956D46DE8}") = "subscription", "subscription", "{6F36BB91-14CE-438C-8E58-E43E7F33D8DB}"
EndProject
Project("{FAE04EC0-301F-11D3-BF4B-00C04F79EFBC}") = "Subscription.Api", "src\Services\subscription\Subscription\src\Subscription.Api\Subscription.Api.csproj", "{5601DC69-71CC-4349-99E5-A501EC504078}"
EndProject
Project("{FAE04EC0-301F-11D3-BF4B-00C04F79EFBC}") = "Subscription.Application", "src\Services\subscription\Subscription\src\Subscription.Application\Subscription.Application.csproj", "{A5A3E4BB-FDF9-44AD-B96F-31E1E54DBB85}"
EndProject
Project("{FAE04EC0-301F-11D3-BF4B-00C04F79EFBC}") = "Subscription.Domain", "src\Services\subscription\Subscription\src\Subscription.Domain\Subscription.Domain.csproj", "{DA116C21-0C79-4226-BCC6-3E2CA8C5E4FB}"
EndProject
Project("{FAE04EC0-301F-11D3-BF4B-00C04F79EFBC}") = "Subscription.Infrastructure", "src\Services\subscription\Subscription\src\Subscription.Infrastructure\Subscription.Infrastructure.csproj", "{C7E189CE-9017-4193-AD3E-2839AF35CE45}"
EndProject
Project("{FAE04EC0-301F-11D3-BF4B-00C04F79EFBC}") = "Subscription.Api.Test", "src\Services\subscription\Subscription\tests\Subscription.Api.Test\Subscription.Api.Test.csproj", "{C51E9CE7-10A0-4C7B-B81B-D6847D10F007}"
EndProject
Project("{FAE04EC0-301F-11D3-BF4B-00C04F79EFBC}") = "Subscription.Application.Test", "src\Services\subscription\Subscription\tests\Subscription.Application.Test\Subscription.Application.Test.csproj", "{7E4EEADE-32D2-47DB-B130-2ADC35F949D1}"
EndProject
Project("{2150E333-8FDC-42A3-9474-1A3956D46DE8}") = "tests", "tests", "{E977A6EC-C7EF-49F4-85F9-016A7CDCA9BD}"
EndProject
Global
	GlobalSection(SolutionConfigurationPlatforms) = preSolution
		Debug|Any CPU = Debug|Any CPU
		Release|Any CPU = Release|Any CPU
	EndGlobalSection
	GlobalSection(ProjectConfigurationPlatforms) = postSolution
		{5D183243-4B12-4C20-8E3B-D94F7B30017E}.Debug|Any CPU.ActiveCfg = Debug|Any CPU
		{5D183243-4B12-4C20-8E3B-D94F7B30017E}.Debug|Any CPU.Build.0 = Debug|Any CPU
		{5D183243-4B12-4C20-8E3B-D94F7B30017E}.Release|Any CPU.ActiveCfg = Release|Any CPU
		{5D183243-4B12-4C20-8E3B-D94F7B30017E}.Release|Any CPU.Build.0 = Release|Any CPU
		{5190D16C-3C98-4341-954C-538F61A734C5}.Debug|Any CPU.ActiveCfg = Debug|Any CPU
		{5190D16C-3C98-4341-954C-538F61A734C5}.Debug|Any CPU.Build.0 = Debug|Any CPU
		{5190D16C-3C98-4341-954C-538F61A734C5}.Release|Any CPU.ActiveCfg = Release|Any CPU
		{5190D16C-3C98-4341-954C-538F61A734C5}.Release|Any CPU.Build.0 = Release|Any CPU
		{450B63D3-F69E-40C4-8939-8D9B787A99C8}.Debug|Any CPU.ActiveCfg = Debug|Any CPU
		{450B63D3-F69E-40C4-8939-8D9B787A99C8}.Debug|Any CPU.Build.0 = Debug|Any CPU
		{450B63D3-F69E-40C4-8939-8D9B787A99C8}.Release|Any CPU.ActiveCfg = Release|Any CPU
		{450B63D3-F69E-40C4-8939-8D9B787A99C8}.Release|Any CPU.Build.0 = Release|Any CPU
		{8DF67DE3-2B5C-4C47-B79E-10C8247B9E3D}.Debug|Any CPU.ActiveCfg = Debug|Any CPU
		{8DF67DE3-2B5C-4C47-B79E-10C8247B9E3D}.Debug|Any CPU.Build.0 = Debug|Any CPU
		{8DF67DE3-2B5C-4C47-B79E-10C8247B9E3D}.Release|Any CPU.ActiveCfg = Release|Any CPU
		{8DF67DE3-2B5C-4C47-B79E-10C8247B9E3D}.Release|Any CPU.Build.0 = Release|Any CPU
		{DFC86A68-78C5-4A07-B71A-8F72FECE04CE}.Debug|Any CPU.ActiveCfg = Debug|Any CPU
		{DFC86A68-78C5-4A07-B71A-8F72FECE04CE}.Debug|Any CPU.Build.0 = Debug|Any CPU
		{DFC86A68-78C5-4A07-B71A-8F72FECE04CE}.Release|Any CPU.ActiveCfg = Release|Any CPU
		{DFC86A68-78C5-4A07-B71A-8F72FECE04CE}.Release|Any CPU.Build.0 = Release|Any CPU
		{8DAA4F41-E587-4CA8-AFBA-FC30395C350F}.Debug|Any CPU.ActiveCfg = Debug|Any CPU
		{8DAA4F41-E587-4CA8-AFBA-FC30395C350F}.Debug|Any CPU.Build.0 = Debug|Any CPU
		{8DAA4F41-E587-4CA8-AFBA-FC30395C350F}.Release|Any CPU.ActiveCfg = Release|Any CPU
		{8DAA4F41-E587-4CA8-AFBA-FC30395C350F}.Release|Any CPU.Build.0 = Release|Any CPU
		{D88FE493-1255-4612-B9A9-4A20D57F0276}.Debug|Any CPU.ActiveCfg = Debug|Any CPU
		{D88FE493-1255-4612-B9A9-4A20D57F0276}.Debug|Any CPU.Build.0 = Debug|Any CPU
		{D88FE493-1255-4612-B9A9-4A20D57F0276}.Release|Any CPU.ActiveCfg = Release|Any CPU
		{D88FE493-1255-4612-B9A9-4A20D57F0276}.Release|Any CPU.Build.0 = Release|Any CPU
		{1E916350-0DE9-4EA9-B291-23C9E02DD3D4}.Debug|Any CPU.ActiveCfg = Debug|Any CPU
		{1E916350-0DE9-4EA9-B291-23C9E02DD3D4}.Debug|Any CPU.Build.0 = Debug|Any CPU
		{1E916350-0DE9-4EA9-B291-23C9E02DD3D4}.Release|Any CPU.ActiveCfg = Release|Any CPU
		{1E916350-0DE9-4EA9-B291-23C9E02DD3D4}.Release|Any CPU.Build.0 = Release|Any CPU
		{7D41F949-85F4-48EC-A83F-3C33189536FA}.Debug|Any CPU.ActiveCfg = Debug|Any CPU
		{7D41F949-85F4-48EC-A83F-3C33189536FA}.Debug|Any CPU.Build.0 = Debug|Any CPU
		{7D41F949-85F4-48EC-A83F-3C33189536FA}.Release|Any CPU.ActiveCfg = Release|Any CPU
		{7D41F949-85F4-48EC-A83F-3C33189536FA}.Release|Any CPU.Build.0 = Release|Any CPU
		{5A917D06-617C-44F4-B8DC-58371F20FF0C}.Debug|Any CPU.ActiveCfg = Debug|Any CPU
		{5A917D06-617C-44F4-B8DC-58371F20FF0C}.Debug|Any CPU.Build.0 = Debug|Any CPU
		{5A917D06-617C-44F4-B8DC-58371F20FF0C}.Release|Any CPU.ActiveCfg = Release|Any CPU
		{5A917D06-617C-44F4-B8DC-58371F20FF0C}.Release|Any CPU.Build.0 = Release|Any CPU
		{4EF6F98D-CB1E-49B8-8396-7C5BF6A5B248}.Debug|Any CPU.ActiveCfg = Debug|Any CPU
		{4EF6F98D-CB1E-49B8-8396-7C5BF6A5B248}.Debug|Any CPU.Build.0 = Debug|Any CPU
		{4EF6F98D-CB1E-49B8-8396-7C5BF6A5B248}.Release|Any CPU.ActiveCfg = Release|Any CPU
		{4EF6F98D-CB1E-49B8-8396-7C5BF6A5B248}.Release|Any CPU.Build.0 = Release|Any CPU
		{0A9A7979-366E-4CE9-BFDF-9239C29A8B01}.Debug|Any CPU.ActiveCfg = Debug|Any CPU
		{0A9A7979-366E-4CE9-BFDF-9239C29A8B01}.Debug|Any CPU.Build.0 = Debug|Any CPU
		{0A9A7979-366E-4CE9-BFDF-9239C29A8B01}.Release|Any CPU.ActiveCfg = Release|Any CPU
		{0A9A7979-366E-4CE9-BFDF-9239C29A8B01}.Release|Any CPU.Build.0 = Release|Any CPU
		{9CEA857E-B132-415F-AD7A-177CFDA85877}.Debug|Any CPU.ActiveCfg = Debug|Any CPU
		{9CEA857E-B132-415F-AD7A-177CFDA85877}.Debug|Any CPU.Build.0 = Debug|Any CPU
		{9CEA857E-B132-415F-AD7A-177CFDA85877}.Release|Any CPU.ActiveCfg = Release|Any CPU
		{9CEA857E-B132-415F-AD7A-177CFDA85877}.Release|Any CPU.Build.0 = Release|Any CPU
		{F94718EB-685E-48C5-A861-E2C57015E02B}.Debug|Any CPU.ActiveCfg = Debug|Any CPU
		{F94718EB-685E-48C5-A861-E2C57015E02B}.Debug|Any CPU.Build.0 = Debug|Any CPU
		{F94718EB-685E-48C5-A861-E2C57015E02B}.Release|Any CPU.ActiveCfg = Release|Any CPU
		{F94718EB-685E-48C5-A861-E2C57015E02B}.Release|Any CPU.Build.0 = Release|Any CPU
		{5601DC69-71CC-4349-99E5-A501EC504078}.Debug|Any CPU.ActiveCfg = Debug|Any CPU
		{5601DC69-71CC-4349-99E5-A501EC504078}.Debug|Any CPU.Build.0 = Debug|Any CPU
		{5601DC69-71CC-4349-99E5-A501EC504078}.Release|Any CPU.ActiveCfg = Release|Any CPU
		{5601DC69-71CC-4349-99E5-A501EC504078}.Release|Any CPU.Build.0 = Release|Any CPU
		{A5A3E4BB-FDF9-44AD-B96F-31E1E54DBB85}.Debug|Any CPU.ActiveCfg = Debug|Any CPU
		{A5A3E4BB-FDF9-44AD-B96F-31E1E54DBB85}.Debug|Any CPU.Build.0 = Debug|Any CPU
		{A5A3E4BB-FDF9-44AD-B96F-31E1E54DBB85}.Release|Any CPU.ActiveCfg = Release|Any CPU
		{A5A3E4BB-FDF9-44AD-B96F-31E1E54DBB85}.Release|Any CPU.Build.0 = Release|Any CPU
		{DA116C21-0C79-4226-BCC6-3E2CA8C5E4FB}.Debug|Any CPU.ActiveCfg = Debug|Any CPU
		{DA116C21-0C79-4226-BCC6-3E2CA8C5E4FB}.Debug|Any CPU.Build.0 = Debug|Any CPU
		{DA116C21-0C79-4226-BCC6-3E2CA8C5E4FB}.Release|Any CPU.ActiveCfg = Release|Any CPU
		{DA116C21-0C79-4226-BCC6-3E2CA8C5E4FB}.Release|Any CPU.Build.0 = Release|Any CPU
		{C7E189CE-9017-4193-AD3E-2839AF35CE45}.Debug|Any CPU.ActiveCfg = Debug|Any CPU
		{C7E189CE-9017-4193-AD3E-2839AF35CE45}.Debug|Any CPU.Build.0 = Debug|Any CPU
		{C7E189CE-9017-4193-AD3E-2839AF35CE45}.Release|Any CPU.ActiveCfg = Release|Any CPU
		{C7E189CE-9017-4193-AD3E-2839AF35CE45}.Release|Any CPU.Build.0 = Release|Any CPU
		{C51E9CE7-10A0-4C7B-B81B-D6847D10F007}.Debug|Any CPU.ActiveCfg = Debug|Any CPU
		{C51E9CE7-10A0-4C7B-B81B-D6847D10F007}.Debug|Any CPU.Build.0 = Debug|Any CPU
		{C51E9CE7-10A0-4C7B-B81B-D6847D10F007}.Release|Any CPU.ActiveCfg = Release|Any CPU
		{C51E9CE7-10A0-4C7B-B81B-D6847D10F007}.Release|Any CPU.Build.0 = Release|Any CPU
		{7E4EEADE-32D2-47DB-B130-2ADC35F949D1}.Debug|Any CPU.ActiveCfg = Debug|Any CPU
		{7E4EEADE-32D2-47DB-B130-2ADC35F949D1}.Debug|Any CPU.Build.0 = Debug|Any CPU
		{7E4EEADE-32D2-47DB-B130-2ADC35F949D1}.Release|Any CPU.ActiveCfg = Release|Any CPU
		{7E4EEADE-32D2-47DB-B130-2ADC35F949D1}.Release|Any CPU.Build.0 = Release|Any CPU
	EndGlobalSection
	GlobalSection(SolutionProperties) = preSolution
		HideSolutionNode = FALSE
	EndGlobalSection
	GlobalSection(NestedProjects) = preSolution
		{5D183243-4B12-4C20-8E3B-D94F7B30017E} = {1FCF9938-544D-4CBC-A662-46D8ECAB6E83}
		{1FCF9938-544D-4CBC-A662-46D8ECAB6E83} = {D56DFEF8-DF81-41F6-A983-C3900EBF21DE}
		{858A5C72-48BC-4D62-8E96-22AB50874AD4} = {D56DFEF8-DF81-41F6-A983-C3900EBF21DE}
		{5190D16C-3C98-4341-954C-538F61A734C5} = {858A5C72-48BC-4D62-8E96-22AB50874AD4}
		{450B63D3-F69E-40C4-8939-8D9B787A99C8} = {858A5C72-48BC-4D62-8E96-22AB50874AD4}
		{8DF67DE3-2B5C-4C47-B79E-10C8247B9E3D} = {858A5C72-48BC-4D62-8E96-22AB50874AD4}
		{DFC86A68-78C5-4A07-B71A-8F72FECE04CE} = {858A5C72-48BC-4D62-8E96-22AB50874AD4}
		{EAD4F623-6167-4849-B14E-8D2E5F0D7CDA} = {858A5C72-48BC-4D62-8E96-22AB50874AD4}
		{8DAA4F41-E587-4CA8-AFBA-FC30395C350F} = {EAD4F623-6167-4849-B14E-8D2E5F0D7CDA}
		{D88FE493-1255-4612-B9A9-4A20D57F0276} = {EAD4F623-6167-4849-B14E-8D2E5F0D7CDA}
		{608CBD81-3EA5-4C18-8C12-2FDF9C47C16E} = {1FCF9938-544D-4CBC-A662-46D8ECAB6E83}
		{1E916350-0DE9-4EA9-B291-23C9E02DD3D4} = {608CBD81-3EA5-4C18-8C12-2FDF9C47C16E}
		{76ED527A-3663-497B-8234-5C2983FFCE96} = {D56DFEF8-DF81-41F6-A983-C3900EBF21DE}
		{7D41F949-85F4-48EC-A83F-3C33189536FA} = {76ED527A-3663-497B-8234-5C2983FFCE96}
		{5A917D06-617C-44F4-B8DC-58371F20FF0C} = {76ED527A-3663-497B-8234-5C2983FFCE96}
		{4EF6F98D-CB1E-49B8-8396-7C5BF6A5B248} = {76ED527A-3663-497B-8234-5C2983FFCE96}
		{0A9A7979-366E-4CE9-BFDF-9239C29A8B01} = {76ED527A-3663-497B-8234-5C2983FFCE96}
		{9CEA857E-B132-415F-AD7A-177CFDA85877} = {7E2CCE60-4FE9-4D03-BA21-007B32C34196}
		{6F36BB91-14CE-438C-8E58-E43E7F33D8DB} = {D56DFEF8-DF81-41F6-A983-C3900EBF21DE}
		{5601DC69-71CC-4349-99E5-A501EC504078} = {6F36BB91-14CE-438C-8E58-E43E7F33D8DB}
		{A5A3E4BB-FDF9-44AD-B96F-31E1E54DBB85} = {6F36BB91-14CE-438C-8E58-E43E7F33D8DB}
		{DA116C21-0C79-4226-BCC6-3E2CA8C5E4FB} = {6F36BB91-14CE-438C-8E58-E43E7F33D8DB}
		{C7E189CE-9017-4193-AD3E-2839AF35CE45} = {6F36BB91-14CE-438C-8E58-E43E7F33D8DB}
		{C51E9CE7-10A0-4C7B-B81B-D6847D10F007} = {E977A6EC-C7EF-49F4-85F9-016A7CDCA9BD}
		{7E4EEADE-32D2-47DB-B130-2ADC35F949D1} = {E977A6EC-C7EF-49F4-85F9-016A7CDCA9BD}
		{E977A6EC-C7EF-49F4-85F9-016A7CDCA9BD} = {6F36BB91-14CE-438C-8E58-E43E7F33D8DB}
	EndGlobalSection
	GlobalSection(ExtensibilityGlobals) = postSolution
		SolutionGuid = {DA683A98-0EF2-4B57-80C4-335DFAC6BA83}
	EndGlobalSection
EndGlobal
